
Microsoft Visual Studio Solution File, Format Version 12.00
# Visual Studio Version 16
VisualStudioVersion = 16.0.29306.81
MinimumVisualStudioVersion = 10.0.40219.1
Project("{FAE04EC0-301F-11D3-BF4B-00C04F79EFBC}") = "ConsoleApp1", "ConsoleApp1.csproj", "{D1EB3CAF-F754-4E24-86B2-3CEB37D96EC1}"
EndProject
Global
	GlobalSection(SolutionConfigurationPlatforms) = preSolution
		Debug|Any CPU = Debug|Any CPU
		Release|Any CPU = Release|Any CPU
	EndGlobalSection
	GlobalSection(ProjectConfigurationPlatforms) = postSolution
		{D1EB3CAF-F754-4E24-86B2-3CEB37D96EC1}.Debug|Any CPU.ActiveCfg = Debug|Any CPU
		{D1EB3CAF-F754-4E24-86B2-3CEB37D96EC1}.Debug|Any CPU.Build.0 = Debug|Any CPU
		{D1EB3CAF-F754-4E24-86B2-3CEB37D96EC1}.Release|Any CPU.ActiveCfg = Release|Any CPU
		{D1EB3CAF-F754-4E24-86B2-3CEB37D96EC1}.Release|Any CPU.Build.0 = Release|Any CPU
	EndGlobalSection
	GlobalSection(SolutionProperties) = preSolution
		HideSolutionNode = FALSE
	EndGlobalSection
	GlobalSection(ExtensibilityGlobals) = postSolution
		SolutionGuid = {4E43E09C-0E3A-4261-836D-9C2DB74C9ED5}
	EndGlobalSection
EndGlobal
