
Microsoft Visual Studio Solution File, Format Version 12.00
# Visual Studio Version 16
VisualStudioVersion = 16.0.29306.81
MinimumVisualStudioVersion = 10.0.40219.1
Project("{FAE04EC0-301F-11D3-BF4B-00C04F79EFBC}") = "ConsoleApp2", "ConsoleApp2.csproj", "{0BDDF2B8-EE61-4A50-8DAA-D5A48BEF7651}"
EndProject
Global
	GlobalSection(SolutionConfigurationPlatforms) = preSolution
		Debug|Any CPU = Debug|Any CPU
		Release|Any CPU = Release|Any CPU
	EndGlobalSection
	GlobalSection(ProjectConfigurationPlatforms) = postSolution
		{0BDDF2B8-EE61-4A50-8DAA-D5A48BEF7651}.Debug|Any CPU.ActiveCfg = Debug|Any CPU
		{0BDDF2B8-EE61-4A50-8DAA-D5A48BEF7651}.Debug|Any CPU.Build.0 = Debug|Any CPU
		{0BDDF2B8-EE61-4A50-8DAA-D5A48BEF7651}.Release|Any CPU.ActiveCfg = Release|Any CPU
		{0BDDF2B8-EE61-4A50-8DAA-D5A48BEF7651}.Release|Any CPU.Build.0 = Release|Any CPU
	EndGlobalSection
	GlobalSection(SolutionProperties) = preSolution
		HideSolutionNode = FALSE
	EndGlobalSection
	GlobalSection(ExtensibilityGlobals) = postSolution
		SolutionGuid = {0950C474-9D4E-4218-A167-CF0EE1F2C8FA}
	EndGlobalSection
EndGlobal
