
Microsoft Visual Studio Solution File, Format Version 12.00
# Visual Studio Version 16
VisualStudioVersion = 16.0.29306.81
MinimumVisualStudioVersion = 10.0.40219.1
Project("{FAE04EC0-301F-11D3-BF4B-00C04F79EFBC}") = "ConsoleApp4", "ConsoleApp4.csproj", "{CBAF43C2-D0C5-4A8F-8B71-FC47F6DECA00}"
EndProject
Global
	GlobalSection(SolutionConfigurationPlatforms) = preSolution
		Debug|Any CPU = Debug|Any CPU
		Release|Any CPU = Release|Any CPU
	EndGlobalSection
	GlobalSection(ProjectConfigurationPlatforms) = postSolution
		{CBAF43C2-D0C5-4A8F-8B71-FC47F6DECA00}.Debug|Any CPU.ActiveCfg = Debug|Any CPU
		{CBAF43C2-D0C5-4A8F-8B71-FC47F6DECA00}.Debug|Any CPU.Build.0 = Debug|Any CPU
		{CBAF43C2-D0C5-4A8F-8B71-FC47F6DECA00}.Release|Any CPU.ActiveCfg = Release|Any CPU
		{CBAF43C2-D0C5-4A8F-8B71-FC47F6DECA00}.Release|Any CPU.Build.0 = Release|Any CPU
	EndGlobalSection
	GlobalSection(SolutionProperties) = preSolution
		HideSolutionNode = FALSE
	EndGlobalSection
	GlobalSection(ExtensibilityGlobals) = postSolution
		SolutionGuid = {EE00BAA4-ABFD-4BFF-AFD8-FB733E72FF60}
	EndGlobalSection
EndGlobal
