
Microsoft Visual Studio Solution File, Format Version 12.00
# Visual Studio Version 16
VisualStudioVersion = 16.0.29306.81
MinimumVisualStudioVersion = 10.0.40219.1
Project("{FAE04EC0-301F-11D3-BF4B-00C04F79EFBC}") = "ConsoleApp4", "ConsoleApp4.csproj", "{6FCA096E-CFB0-45A2-B069-9B5916358D3C}"
EndProject
Global
	GlobalSection(SolutionConfigurationPlatforms) = preSolution
		Debug|Any CPU = Debug|Any CPU
		Release|Any CPU = Release|Any CPU
	EndGlobalSection
	GlobalSection(ProjectConfigurationPlatforms) = postSolution
		{6FCA096E-CFB0-45A2-B069-9B5916358D3C}.Debug|Any CPU.ActiveCfg = Debug|Any CPU
		{6FCA096E-CFB0-45A2-B069-9B5916358D3C}.Debug|Any CPU.Build.0 = Debug|Any CPU
		{6FCA096E-CFB0-45A2-B069-9B5916358D3C}.Release|Any CPU.ActiveCfg = Release|Any CPU
		{6FCA096E-CFB0-45A2-B069-9B5916358D3C}.Release|Any CPU.Build.0 = Release|Any CPU
	EndGlobalSection
	GlobalSection(SolutionProperties) = preSolution
		HideSolutionNode = FALSE
	EndGlobalSection
	GlobalSection(ExtensibilityGlobals) = postSolution
		SolutionGuid = {AA9FE132-4CF0-4C50-B92F-E4D231CB9296}
	EndGlobalSection
EndGlobal
