
Microsoft Visual Studio Solution File, Format Version 12.00
# Visual Studio Version 16
VisualStudioVersion = 16.0.29306.81
MinimumVisualStudioVersion = 10.0.40219.1
Project("{FAE04EC0-301F-11D3-BF4B-00C04F79EFBC}") = "ConsoleApp4", "ConsoleApp4.csproj", "{3245C299-7C45-4695-A6A6-20B96196FC46}"
EndProject
Global
	GlobalSection(SolutionConfigurationPlatforms) = preSolution
		Debug|Any CPU = Debug|Any CPU
		Release|Any CPU = Release|Any CPU
	EndGlobalSection
	GlobalSection(ProjectConfigurationPlatforms) = postSolution
		{3245C299-7C45-4695-A6A6-20B96196FC46}.Debug|Any CPU.ActiveCfg = Debug|Any CPU
		{3245C299-7C45-4695-A6A6-20B96196FC46}.Debug|Any CPU.Build.0 = Debug|Any CPU
		{3245C299-7C45-4695-A6A6-20B96196FC46}.Release|Any CPU.ActiveCfg = Release|Any CPU
		{3245C299-7C45-4695-A6A6-20B96196FC46}.Release|Any CPU.Build.0 = Release|Any CPU
	EndGlobalSection
	GlobalSection(SolutionProperties) = preSolution
		HideSolutionNode = FALSE
	EndGlobalSection
	GlobalSection(ExtensibilityGlobals) = postSolution
		SolutionGuid = {6510D6F4-C01B-41D1-B12D-C0423405E1EE}
	EndGlobalSection
EndGlobal
