
Microsoft Visual Studio Solution File, Format Version 12.00
# Visual Studio Version 16
VisualStudioVersion = 16.0.29306.81
MinimumVisualStudioVersion = 10.0.40219.1
Project("{FAE04EC0-301F-11D3-BF4B-00C04F79EFBC}") = "hw-5", "hw-5.csproj", "{5FA076F6-8EC2-4DDB-852C-332DDC6F3CB4}"
EndProject
Global
	GlobalSection(SolutionConfigurationPlatforms) = preSolution
		Debug|Any CPU = Debug|Any CPU
		Release|Any CPU = Release|Any CPU
	EndGlobalSection
	GlobalSection(ProjectConfigurationPlatforms) = postSolution
		{5FA076F6-8EC2-4DDB-852C-332DDC6F3CB4}.Debug|Any CPU.ActiveCfg = Debug|Any CPU
		{5FA076F6-8EC2-4DDB-852C-332DDC6F3CB4}.Debug|Any CPU.Build.0 = Debug|Any CPU
		{5FA076F6-8EC2-4DDB-852C-332DDC6F3CB4}.Release|Any CPU.ActiveCfg = Release|Any CPU
		{5FA076F6-8EC2-4DDB-852C-332DDC6F3CB4}.Release|Any CPU.Build.0 = Release|Any CPU
	EndGlobalSection
	GlobalSection(SolutionProperties) = preSolution
		HideSolutionNode = FALSE
	EndGlobalSection
	GlobalSection(ExtensibilityGlobals) = postSolution
		SolutionGuid = {F1036D20-1F5E-4D84-A634-AC60FE0F534B}
	EndGlobalSection
EndGlobal
