
Microsoft Visual Studio Solution File, Format Version 12.00
# Visual Studio Version 16
VisualStudioVersion = 16.0.29306.81
MinimumVisualStudioVersion = 10.0.40219.1
Project("{FAE04EC0-301F-11D3-BF4B-00C04F79EFBC}") = "ConsoleApp4", "ConsoleApp4.csproj", "{1BB9B7E7-4D22-498A-AC7B-84560EE9E44F}"
EndProject
Global
	GlobalSection(SolutionConfigurationPlatforms) = preSolution
		Debug|Any CPU = Debug|Any CPU
		Release|Any CPU = Release|Any CPU
	EndGlobalSection
	GlobalSection(ProjectConfigurationPlatforms) = postSolution
		{1BB9B7E7-4D22-498A-AC7B-84560EE9E44F}.Debug|Any CPU.ActiveCfg = Debug|Any CPU
		{1BB9B7E7-4D22-498A-AC7B-84560EE9E44F}.Debug|Any CPU.Build.0 = Debug|Any CPU
		{1BB9B7E7-4D22-498A-AC7B-84560EE9E44F}.Release|Any CPU.ActiveCfg = Release|Any CPU
		{1BB9B7E7-4D22-498A-AC7B-84560EE9E44F}.Release|Any CPU.Build.0 = Release|Any CPU
	EndGlobalSection
	GlobalSection(SolutionProperties) = preSolution
		HideSolutionNode = FALSE
	EndGlobalSection
	GlobalSection(ExtensibilityGlobals) = postSolution
		SolutionGuid = {568B41A7-0229-4F4C-9B61-44856D25CF6C}
	EndGlobalSection
EndGlobal
